
Microsoft Visual Studio Solution File, Format Version 12.00
# Visual Studio Version 17
VisualStudioVersion = 17.9.34728.123
MinimumVisualStudioVersion = 10.0.40219.1
Project("{FAE04EC0-301F-11D3-BF4B-00C04F79EFBC}") = "Clinic.API", "Clinic.API\Clinic.API.csproj", "{2C9EDDA4-FF05-439E-A66F-E796E0153F2D}"
EndProject
Project("{FAE04EC0-301F-11D3-BF4B-00C04F79EFBC}") = "Clinic.Application", "Clinic.Application\Clinic.Application.csproj", "{1B204ACD-D200-4C30-A086-5847A922BC31}"
EndProject
Project("{9A19103F-16F7-4668-BE54-9A1E7A4F7556}") = "Clinic.Domain", "Clinic.Domain\Clinic.Domain.csproj", "{1F253A0F-8DB0-4899-94AA-2013BA97D20A}"
EndProject
Global
	GlobalSection(SolutionConfigurationPlatforms) = preSolution
		Debug|Any CPU = Debug|Any CPU
		Release|Any CPU = Release|Any CPU
	EndGlobalSection
	GlobalSection(ProjectConfigurationPlatforms) = postSolution
		{2C9EDDA4-FF05-439E-A66F-E796E0153F2D}.Debug|Any CPU.ActiveCfg = Debug|Any CPU
		{2C9EDDA4-FF05-439E-A66F-E796E0153F2D}.Debug|Any CPU.Build.0 = Debug|Any CPU
		{2C9EDDA4-FF05-439E-A66F-E796E0153F2D}.Release|Any CPU.ActiveCfg = Release|Any CPU
		{2C9EDDA4-FF05-439E-A66F-E796E0153F2D}.Release|Any CPU.Build.0 = Release|Any CPU
		{1B204ACD-D200-4C30-A086-5847A922BC31}.Debug|Any CPU.ActiveCfg = Debug|Any CPU
		{1B204ACD-D200-4C30-A086-5847A922BC31}.Debug|Any CPU.Build.0 = Debug|Any CPU
		{1B204ACD-D200-4C30-A086-5847A922BC31}.Release|Any CPU.ActiveCfg = Release|Any CPU
		{1B204ACD-D200-4C30-A086-5847A922BC31}.Release|Any CPU.Build.0 = Release|Any CPU
		{1F253A0F-8DB0-4899-94AA-2013BA97D20A}.Debug|Any CPU.ActiveCfg = Debug|Any CPU
		{1F253A0F-8DB0-4899-94AA-2013BA97D20A}.Debug|Any CPU.Build.0 = Debug|Any CPU
		{1F253A0F-8DB0-4899-94AA-2013BA97D20A}.Release|Any CPU.ActiveCfg = Release|Any CPU
		{1F253A0F-8DB0-4899-94AA-2013BA97D20A}.Release|Any CPU.Build.0 = Release|Any CPU
	EndGlobalSection
	GlobalSection(SolutionProperties) = preSolution
		HideSolutionNode = FALSE
	EndGlobalSection
	GlobalSection(ExtensibilityGlobals) = postSolution
		SolutionGuid = {55AA3792-9294-4076-87ED-A23235914A80}
	EndGlobalSection
EndGlobal
